
Microsoft Visual Studio Solution File, Format Version 12.00
# Visual Studio 2012
Project("{FAE04EC0-301F-11D3-BF4B-00C04F79EFBC}") = "MyMvcSummary", "MyMvcSummary\MyMvcSummary.csproj", "{0611A2A1-A0B8-4410-B1FE-7EB2F6431B03}"
EndProject
Project("{FAE04EC0-301F-11D3-BF4B-00C04F79EFBC}") = "DotNet.Utilities", "DotNet.Utilities\DotNet.Utilities.csproj", "{0A9704F9-7864-45AF-BFA7-E09F2B30A29F}"
EndProject
Project("{FAE04EC0-301F-11D3-BF4B-00C04F79EFBC}") = "AuthorizationLogin.Tools", "AuthorizationLogin.Tools\AuthorizationLogin.Tools.csproj", "{17356A0F-D4B9-48D2-8AB1-FB8599EEFA02}"
EndProject
Project("{FAE04EC0-301F-11D3-BF4B-00C04F79EFBC}") = "ConsoleApp", "ConsoleApp\ConsoleApp.csproj", "{221C791C-65FD-4BD4-8CE4-E7EEB3A7952D}"
EndProject
Global
	GlobalSection(SolutionConfigurationPlatforms) = preSolution
		Debug|Android = Debug|Android
		Debug|Any CPU = Debug|Any CPU
		Debug|iOS = Debug|iOS
		Debug|Windows Phone (Universal) = Debug|Windows Phone (Universal)
		Debug|Windows Phone 8 = Debug|Windows Phone 8
		Debug|Windows-AnyCPU = Debug|Windows-AnyCPU
		Debug|Windows-ARM = Debug|Windows-ARM
		Debug|Windows-x64 = Debug|Windows-x64
		Debug|Windows-x86 = Debug|Windows-x86
		Release|Android = Release|Android
		Release|Any CPU = Release|Any CPU
		Release|iOS = Release|iOS
		Release|Windows Phone (Universal) = Release|Windows Phone (Universal)
		Release|Windows Phone 8 = Release|Windows Phone 8
		Release|Windows-AnyCPU = Release|Windows-AnyCPU
		Release|Windows-ARM = Release|Windows-ARM
		Release|Windows-x64 = Release|Windows-x64
		Release|Windows-x86 = Release|Windows-x86
	EndGlobalSection
	GlobalSection(ProjectConfigurationPlatforms) = postSolution
		{0611A2A1-A0B8-4410-B1FE-7EB2F6431B03}.Debug|Android.ActiveCfg = Debug|Any CPU
		{0611A2A1-A0B8-4410-B1FE-7EB2F6431B03}.Debug|Android.Build.0 = Debug|Any CPU
		{0611A2A1-A0B8-4410-B1FE-7EB2F6431B03}.Debug|Any CPU.ActiveCfg = Debug|Any CPU
		{0611A2A1-A0B8-4410-B1FE-7EB2F6431B03}.Debug|Any CPU.Build.0 = Debug|Any CPU
		{0611A2A1-A0B8-4410-B1FE-7EB2F6431B03}.Debug|iOS.ActiveCfg = Debug|Any CPU
		{0611A2A1-A0B8-4410-B1FE-7EB2F6431B03}.Debug|iOS.Build.0 = Debug|Any CPU
		{0611A2A1-A0B8-4410-B1FE-7EB2F6431B03}.Debug|Windows Phone (Universal).ActiveCfg = Debug|Any CPU
		{0611A2A1-A0B8-4410-B1FE-7EB2F6431B03}.Debug|Windows Phone (Universal).Build.0 = Debug|Any CPU
		{0611A2A1-A0B8-4410-B1FE-7EB2F6431B03}.Debug|Windows Phone 8.ActiveCfg = Debug|Any CPU
		{0611A2A1-A0B8-4410-B1FE-7EB2F6431B03}.Debug|Windows Phone 8.Build.0 = Debug|Any CPU
		{0611A2A1-A0B8-4410-B1FE-7EB2F6431B03}.Debug|Windows-AnyCPU.ActiveCfg = Debug|Any CPU
		{0611A2A1-A0B8-4410-B1FE-7EB2F6431B03}.Debug|Windows-AnyCPU.Build.0 = Debug|Any CPU
		{0611A2A1-A0B8-4410-B1FE-7EB2F6431B03}.Debug|Windows-ARM.ActiveCfg = Debug|Any CPU
		{0611A2A1-A0B8-4410-B1FE-7EB2F6431B03}.Debug|Windows-ARM.Build.0 = Debug|Any CPU
		{0611A2A1-A0B8-4410-B1FE-7EB2F6431B03}.Debug|Windows-x64.ActiveCfg = Debug|Any CPU
		{0611A2A1-A0B8-4410-B1FE-7EB2F6431B03}.Debug|Windows-x64.Build.0 = Debug|Any CPU
		{0611A2A1-A0B8-4410-B1FE-7EB2F6431B03}.Debug|Windows-x86.ActiveCfg = Debug|Any CPU
		{0611A2A1-A0B8-4410-B1FE-7EB2F6431B03}.Debug|Windows-x86.Build.0 = Debug|Any CPU
		{0611A2A1-A0B8-4410-B1FE-7EB2F6431B03}.Release|Android.ActiveCfg = Release|Any CPU
		{0611A2A1-A0B8-4410-B1FE-7EB2F6431B03}.Release|Android.Build.0 = Release|Any CPU
		{0611A2A1-A0B8-4410-B1FE-7EB2F6431B03}.Release|Any CPU.ActiveCfg = Release|Any CPU
		{0611A2A1-A0B8-4410-B1FE-7EB2F6431B03}.Release|Any CPU.Build.0 = Release|Any CPU
		{0611A2A1-A0B8-4410-B1FE-7EB2F6431B03}.Release|iOS.ActiveCfg = Release|Any CPU
		{0611A2A1-A0B8-4410-B1FE-7EB2F6431B03}.Release|iOS.Build.0 = Release|Any CPU
		{0611A2A1-A0B8-4410-B1FE-7EB2F6431B03}.Release|Windows Phone (Universal).ActiveCfg = Release|Any CPU
		{0611A2A1-A0B8-4410-B1FE-7EB2F6431B03}.Release|Windows Phone (Universal).Build.0 = Release|Any CPU
		{0611A2A1-A0B8-4410-B1FE-7EB2F6431B03}.Release|Windows Phone 8.ActiveCfg = Release|Any CPU
		{0611A2A1-A0B8-4410-B1FE-7EB2F6431B03}.Release|Windows Phone 8.Build.0 = Release|Any CPU
		{0611A2A1-A0B8-4410-B1FE-7EB2F6431B03}.Release|Windows-AnyCPU.ActiveCfg = Release|Any CPU
		{0611A2A1-A0B8-4410-B1FE-7EB2F6431B03}.Release|Windows-AnyCPU.Build.0 = Release|Any CPU
		{0611A2A1-A0B8-4410-B1FE-7EB2F6431B03}.Release|Windows-ARM.ActiveCfg = Release|Any CPU
		{0611A2A1-A0B8-4410-B1FE-7EB2F6431B03}.Release|Windows-ARM.Build.0 = Release|Any CPU
		{0611A2A1-A0B8-4410-B1FE-7EB2F6431B03}.Release|Windows-x64.ActiveCfg = Release|Any CPU
		{0611A2A1-A0B8-4410-B1FE-7EB2F6431B03}.Release|Windows-x64.Build.0 = Release|Any CPU
		{0611A2A1-A0B8-4410-B1FE-7EB2F6431B03}.Release|Windows-x86.ActiveCfg = Release|Any CPU
		{0611A2A1-A0B8-4410-B1FE-7EB2F6431B03}.Release|Windows-x86.Build.0 = Release|Any CPU
		{0A9704F9-7864-45AF-BFA7-E09F2B30A29F}.Debug|Android.ActiveCfg = Debug|Any CPU
		{0A9704F9-7864-45AF-BFA7-E09F2B30A29F}.Debug|Android.Build.0 = Debug|Any CPU
		{0A9704F9-7864-45AF-BFA7-E09F2B30A29F}.Debug|Any CPU.ActiveCfg = Debug|Any CPU
		{0A9704F9-7864-45AF-BFA7-E09F2B30A29F}.Debug|Any CPU.Build.0 = Debug|Any CPU
		{0A9704F9-7864-45AF-BFA7-E09F2B30A29F}.Debug|iOS.ActiveCfg = Debug|Any CPU
		{0A9704F9-7864-45AF-BFA7-E09F2B30A29F}.Debug|iOS.Build.0 = Debug|Any CPU
		{0A9704F9-7864-45AF-BFA7-E09F2B30A29F}.Debug|Windows Phone (Universal).ActiveCfg = Debug|Any CPU
		{0A9704F9-7864-45AF-BFA7-E09F2B30A29F}.Debug|Windows Phone (Universal).Build.0 = Debug|Any CPU
		{0A9704F9-7864-45AF-BFA7-E09F2B30A29F}.Debug|Windows Phone 8.ActiveCfg = Debug|Any CPU
		{0A9704F9-7864-45AF-BFA7-E09F2B30A29F}.Debug|Windows Phone 8.Build.0 = Debug|Any CPU
		{0A9704F9-7864-45AF-BFA7-E09F2B30A29F}.Debug|Windows-AnyCPU.ActiveCfg = Debug|Any CPU
		{0A9704F9-7864-45AF-BFA7-E09F2B30A29F}.Debug|Windows-AnyCPU.Build.0 = Debug|Any CPU
		{0A9704F9-7864-45AF-BFA7-E09F2B30A29F}.Debug|Windows-ARM.ActiveCfg = Debug|Any CPU
		{0A9704F9-7864-45AF-BFA7-E09F2B30A29F}.Debug|Windows-ARM.Build.0 = Debug|Any CPU
		{0A9704F9-7864-45AF-BFA7-E09F2B30A29F}.Debug|Windows-x64.ActiveCfg = Debug|Any CPU
		{0A9704F9-7864-45AF-BFA7-E09F2B30A29F}.Debug|Windows-x64.Build.0 = Debug|Any CPU
		{0A9704F9-7864-45AF-BFA7-E09F2B30A29F}.Debug|Windows-x86.ActiveCfg = Debug|Any CPU
		{0A9704F9-7864-45AF-BFA7-E09F2B30A29F}.Debug|Windows-x86.Build.0 = Debug|Any CPU
		{0A9704F9-7864-45AF-BFA7-E09F2B30A29F}.Release|Android.ActiveCfg = Release|Any CPU
		{0A9704F9-7864-45AF-BFA7-E09F2B30A29F}.Release|Android.Build.0 = Release|Any CPU
		{0A9704F9-7864-45AF-BFA7-E09F2B30A29F}.Release|Any CPU.ActiveCfg = Release|Any CPU
		{0A9704F9-7864-45AF-BFA7-E09F2B30A29F}.Release|Any CPU.Build.0 = Release|Any CPU
		{0A9704F9-7864-45AF-BFA7-E09F2B30A29F}.Release|iOS.ActiveCfg = Release|Any CPU
		{0A9704F9-7864-45AF-BFA7-E09F2B30A29F}.Release|iOS.Build.0 = Release|Any CPU
		{0A9704F9-7864-45AF-BFA7-E09F2B30A29F}.Release|Windows Phone (Universal).ActiveCfg = Release|Any CPU
		{0A9704F9-7864-45AF-BFA7-E09F2B30A29F}.Release|Windows Phone (Universal).Build.0 = Release|Any CPU
		{0A9704F9-7864-45AF-BFA7-E09F2B30A29F}.Release|Windows Phone 8.ActiveCfg = Release|Any CPU
		{0A9704F9-7864-45AF-BFA7-E09F2B30A29F}.Release|Windows Phone 8.Build.0 = Release|Any CPU
		{0A9704F9-7864-45AF-BFA7-E09F2B30A29F}.Release|Windows-AnyCPU.ActiveCfg = Release|Any CPU
		{0A9704F9-7864-45AF-BFA7-E09F2B30A29F}.Release|Windows-AnyCPU.Build.0 = Release|Any CPU
		{0A9704F9-7864-45AF-BFA7-E09F2B30A29F}.Release|Windows-ARM.ActiveCfg = Release|Any CPU
		{0A9704F9-7864-45AF-BFA7-E09F2B30A29F}.Release|Windows-ARM.Build.0 = Release|Any CPU
		{0A9704F9-7864-45AF-BFA7-E09F2B30A29F}.Release|Windows-x64.ActiveCfg = Release|Any CPU
		{0A9704F9-7864-45AF-BFA7-E09F2B30A29F}.Release|Windows-x64.Build.0 = Release|Any CPU
		{0A9704F9-7864-45AF-BFA7-E09F2B30A29F}.Release|Windows-x86.ActiveCfg = Release|Any CPU
		{0A9704F9-7864-45AF-BFA7-E09F2B30A29F}.Release|Windows-x86.Build.0 = Release|Any CPU
		{17356A0F-D4B9-48D2-8AB1-FB8599EEFA02}.Debug|Android.ActiveCfg = Debug|Any CPU
		{17356A0F-D4B9-48D2-8AB1-FB8599EEFA02}.Debug|Android.Build.0 = Debug|Any CPU
		{17356A0F-D4B9-48D2-8AB1-FB8599EEFA02}.Debug|Any CPU.ActiveCfg = Debug|Any CPU
		{17356A0F-D4B9-48D2-8AB1-FB8599EEFA02}.Debug|Any CPU.Build.0 = Debug|Any CPU
		{17356A0F-D4B9-48D2-8AB1-FB8599EEFA02}.Debug|iOS.ActiveCfg = Debug|Any CPU
		{17356A0F-D4B9-48D2-8AB1-FB8599EEFA02}.Debug|iOS.Build.0 = Debug|Any CPU
		{17356A0F-D4B9-48D2-8AB1-FB8599EEFA02}.Debug|Windows Phone (Universal).ActiveCfg = Debug|Any CPU
		{17356A0F-D4B9-48D2-8AB1-FB8599EEFA02}.Debug|Windows Phone (Universal).Build.0 = Debug|Any CPU
		{17356A0F-D4B9-48D2-8AB1-FB8599EEFA02}.Debug|Windows Phone 8.ActiveCfg = Debug|Any CPU
		{17356A0F-D4B9-48D2-8AB1-FB8599EEFA02}.Debug|Windows Phone 8.Build.0 = Debug|Any CPU
		{17356A0F-D4B9-48D2-8AB1-FB8599EEFA02}.Debug|Windows-AnyCPU.ActiveCfg = Debug|Any CPU
		{17356A0F-D4B9-48D2-8AB1-FB8599EEFA02}.Debug|Windows-AnyCPU.Build.0 = Debug|Any CPU
		{17356A0F-D4B9-48D2-8AB1-FB8599EEFA02}.Debug|Windows-ARM.ActiveCfg = Debug|Any CPU
		{17356A0F-D4B9-48D2-8AB1-FB8599EEFA02}.Debug|Windows-ARM.Build.0 = Debug|Any CPU
		{17356A0F-D4B9-48D2-8AB1-FB8599EEFA02}.Debug|Windows-x64.ActiveCfg = Debug|Any CPU
		{17356A0F-D4B9-48D2-8AB1-FB8599EEFA02}.Debug|Windows-x64.Build.0 = Debug|Any CPU
		{17356A0F-D4B9-48D2-8AB1-FB8599EEFA02}.Debug|Windows-x86.ActiveCfg = Debug|Any CPU
		{17356A0F-D4B9-48D2-8AB1-FB8599EEFA02}.Debug|Windows-x86.Build.0 = Debug|Any CPU
		{17356A0F-D4B9-48D2-8AB1-FB8599EEFA02}.Release|Android.ActiveCfg = Release|Any CPU
		{17356A0F-D4B9-48D2-8AB1-FB8599EEFA02}.Release|Android.Build.0 = Release|Any CPU
		{17356A0F-D4B9-48D2-8AB1-FB8599EEFA02}.Release|Any CPU.ActiveCfg = Release|Any CPU
		{17356A0F-D4B9-48D2-8AB1-FB8599EEFA02}.Release|Any CPU.Build.0 = Release|Any CPU
		{17356A0F-D4B9-48D2-8AB1-FB8599EEFA02}.Release|iOS.ActiveCfg = Release|Any CPU
		{17356A0F-D4B9-48D2-8AB1-FB8599EEFA02}.Release|iOS.Build.0 = Release|Any CPU
		{17356A0F-D4B9-48D2-8AB1-FB8599EEFA02}.Release|Windows Phone (Universal).ActiveCfg = Release|Any CPU
		{17356A0F-D4B9-48D2-8AB1-FB8599EEFA02}.Release|Windows Phone (Universal).Build.0 = Release|Any CPU
		{17356A0F-D4B9-48D2-8AB1-FB8599EEFA02}.Release|Windows Phone 8.ActiveCfg = Release|Any CPU
		{17356A0F-D4B9-48D2-8AB1-FB8599EEFA02}.Release|Windows Phone 8.Build.0 = Release|Any CPU
		{17356A0F-D4B9-48D2-8AB1-FB8599EEFA02}.Release|Windows-AnyCPU.ActiveCfg = Release|Any CPU
		{17356A0F-D4B9-48D2-8AB1-FB8599EEFA02}.Release|Windows-AnyCPU.Build.0 = Release|Any CPU
		{17356A0F-D4B9-48D2-8AB1-FB8599EEFA02}.Release|Windows-ARM.ActiveCfg = Release|Any CPU
		{17356A0F-D4B9-48D2-8AB1-FB8599EEFA02}.Release|Windows-ARM.Build.0 = Release|Any CPU
		{17356A0F-D4B9-48D2-8AB1-FB8599EEFA02}.Release|Windows-x64.ActiveCfg = Release|Any CPU
		{17356A0F-D4B9-48D2-8AB1-FB8599EEFA02}.Release|Windows-x64.Build.0 = Release|Any CPU
		{17356A0F-D4B9-48D2-8AB1-FB8599EEFA02}.Release|Windows-x86.ActiveCfg = Release|Any CPU
		{17356A0F-D4B9-48D2-8AB1-FB8599EEFA02}.Release|Windows-x86.Build.0 = Release|Any CPU
		{221C791C-65FD-4BD4-8CE4-E7EEB3A7952D}.Debug|Android.ActiveCfg = Debug|Any CPU
		{221C791C-65FD-4BD4-8CE4-E7EEB3A7952D}.Debug|Any CPU.ActiveCfg = Debug|Any CPU
		{221C791C-65FD-4BD4-8CE4-E7EEB3A7952D}.Debug|Any CPU.Build.0 = Debug|Any CPU
		{221C791C-65FD-4BD4-8CE4-E7EEB3A7952D}.Debug|iOS.ActiveCfg = Debug|Any CPU
		{221C791C-65FD-4BD4-8CE4-E7EEB3A7952D}.Debug|Windows Phone (Universal).ActiveCfg = Debug|Any CPU
		{221C791C-65FD-4BD4-8CE4-E7EEB3A7952D}.Debug|Windows Phone 8.ActiveCfg = Debug|Any CPU
		{221C791C-65FD-4BD4-8CE4-E7EEB3A7952D}.Debug|Windows-AnyCPU.ActiveCfg = Debug|Any CPU
		{221C791C-65FD-4BD4-8CE4-E7EEB3A7952D}.Debug|Windows-ARM.ActiveCfg = Debug|Any CPU
		{221C791C-65FD-4BD4-8CE4-E7EEB3A7952D}.Debug|Windows-x64.ActiveCfg = Debug|Any CPU
		{221C791C-65FD-4BD4-8CE4-E7EEB3A7952D}.Debug|Windows-x86.ActiveCfg = Debug|Any CPU
		{221C791C-65FD-4BD4-8CE4-E7EEB3A7952D}.Release|Android.ActiveCfg = Release|Any CPU
		{221C791C-65FD-4BD4-8CE4-E7EEB3A7952D}.Release|Any CPU.ActiveCfg = Release|Any CPU
		{221C791C-65FD-4BD4-8CE4-E7EEB3A7952D}.Release|Any CPU.Build.0 = Release|Any CPU
		{221C791C-65FD-4BD4-8CE4-E7EEB3A7952D}.Release|iOS.ActiveCfg = Release|Any CPU
		{221C791C-65FD-4BD4-8CE4-E7EEB3A7952D}.Release|Windows Phone (Universal).ActiveCfg = Release|Any CPU
		{221C791C-65FD-4BD4-8CE4-E7EEB3A7952D}.Release|Windows Phone 8.ActiveCfg = Release|Any CPU
		{221C791C-65FD-4BD4-8CE4-E7EEB3A7952D}.Release|Windows-AnyCPU.ActiveCfg = Release|Any CPU
		{221C791C-65FD-4BD4-8CE4-E7EEB3A7952D}.Release|Windows-ARM.ActiveCfg = Release|Any CPU
		{221C791C-65FD-4BD4-8CE4-E7EEB3A7952D}.Release|Windows-x64.ActiveCfg = Release|Any CPU
		{221C791C-65FD-4BD4-8CE4-E7EEB3A7952D}.Release|Windows-x86.ActiveCfg = Release|Any CPU
	EndGlobalSection
	GlobalSection(SolutionProperties) = preSolution
		HideSolutionNode = FALSE
	EndGlobalSection
EndGlobal
